
Microsoft Visual Studio Solution File, Format Version 12.00
# Visual Studio Version 17
VisualStudioVersion = 17.0.31903.59
MinimumVisualStudioVersion = 10.0.40219.1
Project("{FAE04EC0-301F-11D3-BF4B-00C04F79EFBC}") = "EnvSecured.Core", "src\EnvSecured.Core\EnvSecured.Core.csproj", "{8D1466F8-7903-4B9D-8F87-78431CF2F71B}"
EndProject
Project("{FAE04EC0-301F-11D3-BF4B-00C04F79EFBC}") = "EnvSecured.Crypto", "src\EnvSecured.Crypto\EnvSecured.Crypto.csproj", "{F75592A5-68C5-4123-90F8-BCBB8B758656}"
EndProject
Project("{FAE04EC0-301F-11D3-BF4B-00C04F79EFBC}") = "EnvSecured.WinForms", "src\EnvSecured.WinForms\EnvSecured.WinForms.csproj", "{882C5C02-2587-4665-AC43-82F8F2D5D9D7}"
EndProject
Project("{2150E333-8FDC-42A3-9474-1A3956D46DE8}") = "tests", "tests", "{0AB3BF05-4346-4AA6-1389-037BE0695223}"
EndProject
Project("{FAE04EC0-301F-11D3-BF4B-00C04F79EFBC}") = "EnvSecured.Tests", "tests\EnvSecured.Tests\EnvSecured.Tests.csproj", "{C3E7919D-2774-465A-A007-768F86FE9AF4}"
EndProject
Global
	GlobalSection(SolutionConfigurationPlatforms) = preSolution
		Debug|Any CPU = Debug|Any CPU
		Debug|x64 = Debug|x64
		Debug|x86 = Debug|x86
		Release|Any CPU = Release|Any CPU
		Release|x64 = Release|x64
		Release|x86 = Release|x86
	EndGlobalSection
	GlobalSection(ProjectConfigurationPlatforms) = postSolution
		{8D1466F8-7903-4B9D-8F87-78431CF2F71B}.Debug|Any CPU.ActiveCfg = Debug|Any CPU
		{8D1466F8-7903-4B9D-8F87-78431CF2F71B}.Debug|Any CPU.Build.0 = Debug|Any CPU
		{8D1466F8-7903-4B9D-8F87-78431CF2F71B}.Debug|x64.ActiveCfg = Debug|Any CPU
		{8D1466F8-7903-4B9D-8F87-78431CF2F71B}.Debug|x64.Build.0 = Debug|Any CPU
		{8D1466F8-7903-4B9D-8F87-78431CF2F71B}.Debug|x86.ActiveCfg = Debug|Any CPU
		{8D1466F8-7903-4B9D-8F87-78431CF2F71B}.Debug|x86.Build.0 = Debug|Any CPU
		{8D1466F8-7903-4B9D-8F87-78431CF2F71B}.Release|Any CPU.ActiveCfg = Release|Any CPU
		{8D1466F8-7903-4B9D-8F87-78431CF2F71B}.Release|Any CPU.Build.0 = Release|Any CPU
		{8D1466F8-7903-4B9D-8F87-78431CF2F71B}.Release|x64.ActiveCfg = Release|Any CPU
		{8D1466F8-7903-4B9D-8F87-78431CF2F71B}.Release|x64.Build.0 = Release|Any CPU
		{8D1466F8-7903-4B9D-8F87-78431CF2F71B}.Release|x86.ActiveCfg = Release|Any CPU
		{8D1466F8-7903-4B9D-8F87-78431CF2F71B}.Release|x86.Build.0 = Release|Any CPU
		{F75592A5-68C5-4123-90F8-BCBB8B758656}.Debug|Any CPU.ActiveCfg = Debug|Any CPU
		{F75592A5-68C5-4123-90F8-BCBB8B758656}.Debug|Any CPU.Build.0 = Debug|Any CPU
		{F75592A5-68C5-4123-90F8-BCBB8B758656}.Debug|x64.ActiveCfg = Debug|Any CPU
		{F75592A5-68C5-4123-90F8-BCBB8B758656}.Debug|x64.Build.0 = Debug|Any CPU
		{F75592A5-68C5-4123-90F8-BCBB8B758656}.Debug|x86.ActiveCfg = Debug|Any CPU
		{F75592A5-68C5-4123-90F8-BCBB8B758656}.Debug|x86.Build.0 = Debug|Any CPU
		{F75592A5-68C5-4123-90F8-BCBB8B758656}.Release|Any CPU.ActiveCfg = Release|Any CPU
		{F75592A5-68C5-4123-90F8-BCBB8B758656}.Release|Any CPU.Build.0 = Release|Any CPU
		{F75592A5-68C5-4123-90F8-BCBB8B758656}.Release|x64.ActiveCfg = Release|Any CPU
		{F75592A5-68C5-4123-90F8-BCBB8B758656}.Release|x64.Build.0 = Release|Any CPU
		{F75592A5-68C5-4123-90F8-BCBB8B758656}.Release|x86.ActiveCfg = Release|Any CPU
		{F75592A5-68C5-4123-90F8-BCBB8B758656}.Release|x86.Build.0 = Release|Any CPU
		{882C5C02-2587-4665-AC43-82F8F2D5D9D7}.Debug|Any CPU.ActiveCfg = Debug|Any CPU
		{882C5C02-2587-4665-AC43-82F8F2D5D9D7}.Debug|Any CPU.Build.0 = Debug|Any CPU
		{882C5C02-2587-4665-AC43-82F8F2D5D9D7}.Debug|x64.ActiveCfg = Debug|Any CPU
		{882C5C02-2587-4665-AC43-82F8F2D5D9D7}.Debug|x64.Build.0 = Debug|Any CPU
		{882C5C02-2587-4665-AC43-82F8F2D5D9D7}.Debug|x86.ActiveCfg = Debug|Any CPU
		{882C5C02-2587-4665-AC43-82F8F2D5D9D7}.Debug|x86.Build.0 = Debug|Any CPU
		{882C5C02-2587-4665-AC43-82F8F2D5D9D7}.Release|Any CPU.ActiveCfg = Release|Any CPU
		{882C5C02-2587-4665-AC43-82F8F2D5D9D7}.Release|Any CPU.Build.0 = Release|Any CPU
		{882C5C02-2587-4665-AC43-82F8F2D5D9D7}.Release|x64.ActiveCfg = Release|Any CPU
		{882C5C02-2587-4665-AC43-82F8F2D5D9D7}.Release|x64.Build.0 = Release|Any CPU
		{882C5C02-2587-4665-AC43-82F8F2D5D9D7}.Release|x86.ActiveCfg = Release|Any CPU
		{882C5C02-2587-4665-AC43-82F8F2D5D9D7}.Release|x86.Build.0 = Release|Any CPU
		{C3E7919D-2774-465A-A007-768F86FE9AF4}.Debug|Any CPU.ActiveCfg = Debug|Any CPU
		{C3E7919D-2774-465A-A007-768F86FE9AF4}.Debug|Any CPU.Build.0 = Debug|Any CPU
		{C3E7919D-2774-465A-A007-768F86FE9AF4}.Debug|x64.ActiveCfg = Debug|Any CPU
		{C3E7919D-2774-465A-A007-768F86FE9AF4}.Debug|x64.Build.0 = Debug|Any CPU
		{C3E7919D-2774-465A-A007-768F86FE9AF4}.Debug|x86.ActiveCfg = Debug|Any CPU
		{C3E7919D-2774-465A-A007-768F86FE9AF4}.Debug|x86.Build.0 = Debug|Any CPU
		{C3E7919D-2774-465A-A007-768F86FE9AF4}.Release|Any CPU.ActiveCfg = Release|Any CPU
		{C3E7919D-2774-465A-A007-768F86FE9AF4}.Release|Any CPU.Build.0 = Release|Any CPU
		{C3E7919D-2774-465A-A007-768F86FE9AF4}.Release|x64.ActiveCfg = Release|Any CPU
		{C3E7919D-2774-465A-A007-768F86FE9AF4}.Release|x64.Build.0 = Release|Any CPU
		{C3E7919D-2774-465A-A007-768F86FE9AF4}.Release|x86.ActiveCfg = Release|Any CPU
		{C3E7919D-2774-465A-A007-768F86FE9AF4}.Release|x86.Build.0 = Release|Any CPU
	EndGlobalSection
	GlobalSection(SolutionProperties) = preSolution
		HideSolutionNode = FALSE
	EndGlobalSection
	GlobalSection(NestedProjects) = preSolution
		{C3E7919D-2774-465A-A007-768F86FE9AF4} = {0AB3BF05-4346-4AA6-1389-037BE0695223}
	EndGlobalSection
EndGlobal
